
Microsoft Visual Studio Solution File, Format Version 12.00
# Visual Studio 15
VisualStudioVersion = 15.0.28307.757
MinimumVisualStudioVersion = 10.0.40219.1
Project("{FAE04EC0-301F-11D3-BF4B-00C04F79EFBC}") = "AlertNotificationSystem", "AlertNotificationSystem\AlertNotificationSystem.csproj", "{5782D830-9D76-4FBE-B769-42462A1418B7}"
EndProject
Project("{FAE04EC0-301F-11D3-BF4B-00C04F79EFBC}") = "AlertNotificationSystemTests", "AlertNotificationSystemTests\AlertNotificationSystemTests.csproj", "{5ACD641F-4D73-4F10-8BD2-7843A0A83595}"
EndProject
Global
	GlobalSection(SolutionConfigurationPlatforms) = preSolution
		Debug|Any CPU = Debug|Any CPU
		Release|Any CPU = Release|Any CPU
	EndGlobalSection
	GlobalSection(ProjectConfigurationPlatforms) = postSolution
		{5782D830-9D76-4FBE-B769-42462A1418B7}.Debug|Any CPU.ActiveCfg = Debug|Any CPU
		{5782D830-9D76-4FBE-B769-42462A1418B7}.Debug|Any CPU.Build.0 = Debug|Any CPU
		{5782D830-9D76-4FBE-B769-42462A1418B7}.Release|Any CPU.ActiveCfg = Release|Any CPU
		{5782D830-9D76-4FBE-B769-42462A1418B7}.Release|Any CPU.Build.0 = Release|Any CPU
		{5ACD641F-4D73-4F10-8BD2-7843A0A83595}.Debug|Any CPU.ActiveCfg = Debug|Any CPU
		{5ACD641F-4D73-4F10-8BD2-7843A0A83595}.Debug|Any CPU.Build.0 = Debug|Any CPU
		{5ACD641F-4D73-4F10-8BD2-7843A0A83595}.Release|Any CPU.ActiveCfg = Release|Any CPU
		{5ACD641F-4D73-4F10-8BD2-7843A0A83595}.Release|Any CPU.Build.0 = Release|Any CPU
	EndGlobalSection
	GlobalSection(SolutionProperties) = preSolution
		HideSolutionNode = FALSE
	EndGlobalSection
	GlobalSection(ExtensibilityGlobals) = postSolution
		SolutionGuid = {496ADB49-A564-4058-AF7C-7BE6BF18908B}
	EndGlobalSection
EndGlobal
